
Microsoft Visual Studio Solution File, Format Version 12.00
# Visual Studio 15
VisualStudioVersion = 15.0.28010.2019
MinimumVisualStudioVersion = 10.0.40219.1
Project("{FAE04EC0-301F-11D3-BF4B-00C04F79EFBC}") = "WeatherApp", "WeatherApp\WeatherApp.csproj", "{27579E27-A774-4219-929B-0FA7784E1468}"
EndProject
Global
	GlobalSection(SolutionConfigurationPlatforms) = preSolution
		Debug|Any CPU = Debug|Any CPU
		Release|Any CPU = Release|Any CPU
	EndGlobalSection
	GlobalSection(ProjectConfigurationPlatforms) = postSolution
		{27579E27-A774-4219-929B-0FA7784E1468}.Debug|Any CPU.ActiveCfg = Debug|Any CPU
		{27579E27-A774-4219-929B-0FA7784E1468}.Debug|Any CPU.Build.0 = Debug|Any CPU
		{27579E27-A774-4219-929B-0FA7784E1468}.Release|Any CPU.ActiveCfg = Release|Any CPU
		{27579E27-A774-4219-929B-0FA7784E1468}.Release|Any CPU.Build.0 = Release|Any CPU
	EndGlobalSection
	GlobalSection(SolutionProperties) = preSolution
		HideSolutionNode = FALSE
	EndGlobalSection
	GlobalSection(ExtensibilityGlobals) = postSolution
		SolutionGuid = {0E0442D9-C025-45FF-92A8-FFD111E676FA}
	EndGlobalSection
EndGlobal
